// !$*UTF8*$!
{
	archiveVersion = 1;
	classes = {
	};
	objectVersion = 50;
	objects = {

/* Begin PBXBuildFile section */
		24BA935323BEA7B100806FAD /* AppDelegate.swift in Sources */ = {isa = PBXBuildFile; fileRef = 24BA935223BEA7B100806FAD /* AppDelegate.swift */; };
		24BA935523BEA7B100806FAD /* ViewController.swift in Sources */ = {isa = PBXBuildFile; fileRef = 24BA935423BEA7B100806FAD /* ViewController.swift */; };
		24BA935823BEA7B100806FAD /* Main.storyboard in Resources */ = {isa = PBXBuildFile; fileRef = 24BA935623BEA7B100806FAD /* Main.storyboard */; };
		24BA935A23BEA7B300806FAD /* Assets.xcassets in Resources */ = {isa = PBXBuildFile; fileRef = 24BA935923BEA7B300806FAD /* Assets.xcassets */; };
		24BA935D23BEA7B300806FAD /* LaunchScreen.storyboard in Resources */ = {isa = PBXBuildFile; fileRef = 24BA935B23BEA7B300806FAD /* LaunchScreen.storyboard */; };
		24C3C55223BF87230016F723 /* README.md in Resources */ = {isa = PBXBuildFile; fileRef = 24C3C55123BF87230016F723 /* README.md */; };
/* End PBXBuildFile section */

/* Begin PBXFileReference section */
		24BA934F23BEA7B100806FAD /* CoreLocation_MyTry.app */ = {isa = PBXFileReference; explicitFileType = wrapper.application; includeInIndex = 0; path = CoreLocation_MyTry.app; sourceTree = BUILT_PRODUCTS_DIR; };
		24BA935223BEA7B100806FAD /* AppDelegate.swift */ = {isa = PBXFileReference; lastKnownFileType = sourcecode.swift; path = AppDelegate.swift; sourceTree = "<group>"; };
		24BA935423BEA7B100806FAD /* ViewController.swift */ = {isa = PBXFileReference; lastKnownFileType = sourcecode.swift; path = ViewController.swift; sourceTree = "<group>"; };
		24BA935723BEA7B100806FAD /* Base */ = {isa = PBXFileReference; lastKnownFileType = file.storyboard; name = Base; path = Base.lproj/Main.storyboard; sourceTree = "<group>"; };
		24BA935923BEA7B300806FAD /* Assets.xcassets */ = {isa = PBXFileReference; lastKnownFileType = folder.assetcatalog; path = Assets.xcassets; sourceTree = "<group>"; };
		24BA935C23BEA7B300806FAD /* Base */ = {isa = PBXFileReference; lastKnownFileType = file.storyboard; name = Base; path = Base.lproj/LaunchScreen.storyboard; sourceTree = "<group>"; };
		24BA935E23BEA7B300806FAD /* Info.plist */ = {isa = PBXFileReference; lastKnownFileType = text.plist.xml; path = Info.plist; sourceTree = "<group>"; };
		24C3C55123BF87230016F723 /* README.md */ = {isa = PBXFileReference; fileEncoding = 4; lastKnownFileType = net.daringfireball.markdown; path = README.md; sourceTree = "<group>"; };
/* End PBXFileReference section */

/* Begin PBXFrameworksBuildPhase section */
		24BA934C23BEA7B100806FAD /* Frameworks */ = {
			isa = PBXFrameworksBuildPhase;
			buildActionMask = 2147483647;
			files = (
			);
			runOnlyForDeploymentPostprocessing = 0;
		};
/* End PBXFrameworksBuildPhase section */

/* Begin PBXGroup section */
		24BA934623BEA7B100806FAD = {
			isa = PBXGroup;
			children = (
				24BA935123BEA7B100806FAD /* CoreLocation_MyTry */,
				24BA935023BEA7B100806FAD /* Products */,
			);
			sourceTree = "<group>";
		};
		24BA935023BEA7B100806FAD /* Products */ = {
			isa = PBXGroup;
			children = (
				24BA934F23BEA7B100806FAD /* CoreLocation_MyTry.app */,
			);
			name = Products;
			sourceTree = "<group>";
		};
		24BA935123BEA7B100806FAD /* CoreLocation_MyTry */ = {
			isa = PBXGroup;
			children = (
				24BA935223BEA7B100806FAD /* AppDelegate.swift */,
				24BA935423BEA7B100806FAD /* ViewController.swift */,
				24BA935623BEA7B100806FAD /* Main.storyboard */,
				24BA935923BEA7B300806FAD /* Assets.xcassets */,
				24BA935B23BEA7B300806FAD /* LaunchScreen.storyboard */,
				24BA935E23BEA7B300806FAD /* Info.plist */,
				24C3C55123BF87230016F723 /* README.md */,
			);
			path = CoreLocation_MyTry;
			sourceTree = "<group>";
		};
/* End PBXGroup section */

/* Begin PBXNativeTarget section */
		24BA934E23BEA7B100806FAD /* CoreLocation_MyTry */ = {
			isa = PBXNativeTarget;
			buildConfigurationList = 24BA936123BEA7B300806FAD /* Build configuration list for PBXNativeTarget "CoreLocation_MyTry" */;
			buildPhases = (
				24BA934B23BEA7B100806FAD /* Sources */,
				24BA934C23BEA7B100806FAD /* Frameworks */,
				24BA934D23BEA7B100806FAD /* Resources */,
			);
			buildRules = (
			);
			dependencies = (
			);
			name = CoreLocation_MyTry;
			productName = CoreLocation_MyTry;
			productReference = 24BA934F23BEA7B100806FAD /* CoreLocation_MyTry.app */;
			productType = "com.apple.product-type.application";
		};
/* End PBXNativeTarget section */

/* Begin PBXProject section */
		24BA934723BEA7B100806FAD /* Project object */ = {
			isa = PBXProject;
			attributes = {
				LastSwiftUpdateCheck = 1030;
				LastUpgradeCheck = 1030;
				ORGANIZATIONNAME = "Sai Venkata Pranay Boggarapu";
				TargetAttributes = {
					24BA934E23BEA7B100806FAD = {
						CreatedOnToolsVersion = 10.3;
					};
				};
			};
			buildConfigurationList = 24BA934A23BEA7B100806FAD /* Build configuration list for PBXProject "CoreLocation_MyTry" */;
			compatibilityVersion = "Xcode 9.3";
			developmentRegion = en;
			hasScannedForEncodings = 0;
			knownRegions = (
				en,
				Base,
			);
			mainGroup = 24BA934623BEA7B100806FAD;
			productRefGroup = 24BA935023BEA7B100806FAD /* Products */;
			projectDirPath = "";
			projectRoot = "";
			targets = (
				24BA934E23BEA7B100806FAD /* CoreLocation_MyTry */,
			);
		};
/* End PBXProject section */

/* Begin PBXResourcesBuildPhase section */
		24BA934D23BEA7B100806FAD /* Resources */ = {
			isa = PBXResourcesBuildPhase;
			buildActionMask = 2147483647;
			files = (
				24BA935D23BEA7B300806FAD /* LaunchScreen.storyboard in Resources */,
				24BA935A23BEA7B300806FAD /* Assets.xcassets in Resources */,
				24C3C55223BF87230016F723 /* README.md in Resources */,
				24BA935823BEA7B100806FAD /* Main.storyboard in Resources */,
			);
			runOnlyForDeploymentPostprocessing = 0;
		};
/* End PBXResourcesBuildPhase section */

/* Begin PBXSourcesBuildPhase section */
		24BA934B23BEA7B100806FAD /* Sources */ = {
			isa = PBXSourcesBuildPhase;
			buildActionMask = 2147483647;
			files = (
				24BA935523BEA7B100806FAD /* ViewController.swift in Sources */,
				24BA935323BEA7B100806FAD /* AppDelegate.swift in Sources */,
			);
			runOnlyForDeploymentPostprocessing = 0;
		};
/* End PBXSourcesBuildPhase section */

/* Begin PBXVariantGroup section */
		24BA935623BEA7B100806FAD /* Main.storyboard */ = {
			isa = PBXVariantGroup;
			children = (
				24BA935723BEA7B100806FAD /* Base */,
			);
			name = Main.storyboard;
			sourceTree = "<group>";
		};
		24BA935B23BEA7B300806FAD /* LaunchScreen.storyboard */ = {
			isa = PBXVariantGroup;
			children = (
				24BA935C23BEA7B300806FAD /* Base */,
			);
			name = LaunchScreen.storyboard;
			sourceTree = "<group>";
		};
/* End PBXVariantGroup section */

/* Begin XCBuildConfiguration section */
		24BA935F23BEA7B300806FAD /* Debug */ = {
			isa = XCBuildConfiguration;
			buildSettings = {
				ALWAYS_SEARCH_USER_PATHS = NO;
				CLANG_ANALYZER_NONNULL = YES;
				CLANG_ANALYZER_NUMBER_OBJECT_CONVERSION = YES_AGGRESSIVE;
				CLANG_CXX_LANGUAGE_STANDARD = "gnu++14";
				CLANG_CXX_LIBRARY = "libc++";
				CLANG_ENABLE_MODULES = YES;
				CLANG_ENABLE_OBJC_ARC = YES;
				CLANG_ENABLE_OBJC_WEAK = YES;
				CLANG_WARN_BLOCK_CAPTURE_AUTORELEASING = YES;
				CLANG_WARN_BOOL_CONVERSION = YES;
				CLANG_WARN_COMMA = YES;
				CLANG_WARN_CONSTANT_CONVERSION = YES;
				CLANG_WARN_DEPRECATED_OBJC_IMPLEMENTATIONS = YES;
				CLANG_WARN_DIRECT_OBJC_ISA_USAGE = YES_ERROR;
				CLANG_WARN_DOCUMENTATION_COMMENTS = YES;
				CLANG_WARN_EMPTY_BODY = YES;
				CLANG_WARN_ENUM_CONVERSION = YES;
				CLANG_WARN_INFINITE_RECURSION = YES;
				CLANG_WARN_INT_CONVERSION = YES;
				CLANG_WARN_NON_LITERAL_NULL_CONVERSION = YES;
				CLANG_WARN_OBJC_IMPLICIT_RETAIN_SELF = YES;
				CLANG_WARN_OBJC_LITERAL_CONVERSION = YES;
				CLANG_WARN_OBJC_ROOT_CLASS = YES_ERROR;
				CLANG_WARN_RANGE_LOOP_ANALYSIS = YES;
				CLANG_WARN_STRICT_PROTOTYPES = YES;
				CLANG_WARN_SUSPICIOUS_MOVE = YES;
				CLANG_WARN_UNGUARDED_AVAILABILITY = YES_AGGRESSIVE;
				CLANG_WARN_UNREACHABLE_CODE = YES;
				CLANG_WARN__DUPLICATE_METHOD_MATCH = YES;
				CODE_SIGN_IDENTITY = "iPhone Developer";
				COPY_PHASE_STRIP = NO;
				DEBUG_INFORMATION_FORMAT = dwarf;
				ENABLE_STRICT_OBJC_MSGSEND = YES;
				ENABLE_TESTABILITY = YES;
				GCC_C_LANGUAGE_STANDARD = gnu11;
				GCC_DYNAMIC_NO_PIC = NO;
				GCC_NO_COMMON_BLOCKS = YES;
				GCC_OPTIMIZATION_LEVEL = 0;
				GCC_PREPROCESSOR_DEFINITIONS = (
					"DEBUG=1",
					"$(inherited)",
				);
				GCC_WARN_64_TO_32_BIT_CONVERSION = YES;
				GCC_WARN_ABOUT_RETURN_TYPE = YES_ERROR;
				GCC_WARN_UNDECLARED_SELECTOR = YES;
				GCC_WARN_UNINITIALIZED_AUTOS = YES_AGGRESSIVE;
				GCC_WARN_UNUSED_FUNCTION = YES;
				GCC_WARN_UNUSED_VARIABLE = YES;
				IPHONEOS_DEPLOYMENT_TARGET = 12.4;
				MTL_ENABLE_DEBUG_INFO = INCLUDE_SOURCE;
				MTL_FAST_MATH = YES;
				ONLY_ACTIVE_ARCH = YES;
				SDKROOT = iphoneos;
				SWIFT_ACTIVE_COMPILATION_CONDITIONS = DEBUG;
				SWIFT_OPTIMIZATION_LEVEL = "-Onone";
			};
			name = Debug;
		};
		24BA936023BEA7B300806FAD /* Release */ = {
			isa = XCBuildConfiguration;
			buildSettings = {
				ALWAYS_SEARCH_USER_PATHS = NO;
				CLANG_ANALYZER_NONNULL = YES;
				CLANG_ANALYZER_NUMBER_OBJECT_CONVERSION = YES_AGGRESSIVE;
				CLANG_CXX_LANGUAGE_STANDARD = "gnu++14";
				CLANG_CXX_LIBRARY = "libc++";
				CLANG_ENABLE_MODULES = YES;
				CLANG_ENABLE_OBJC_ARC = YES;
				CLANG_ENABLE_OBJC_WEAK = YES;
				CLANG_WARN_BLOCK_CAPTURE_AUTORELEASING = YES;
				CLANG_WARN_BOOL_CONVERSION = YES;
				CLANG_WARN_COMMA = YES;
				CLANG_WARN_CONSTANT_CONVERSION = YES;
				CLANG_WARN_DEPRECATED_OBJC_IMPLEMENTATIONS = YES;
				CLANG_WARN_DIRECT_OBJC_ISA_USAGE = YES_ERROR;
				CLANG_WARN_DOCUMENTATION_COMMENTS = YES;
				CLANG_WARN_EMPTY_BODY = YES;
				CLANG_WARN_ENUM_CONVERSION = YES;
				CLANG_WARN_INFINITE_RECURSION = YES;
				CLANG_WARN_INT_CONVERSION = YES;
				CLANG_WARN_NON_LITERAL_NULL_CONVERSION = YES;
				CLANG_WARN_OBJC_IMPLICIT_RETAIN_SELF = YES;
				CLANG_WARN_OBJC_LITERAL_CONVERSION = YES;
				CLANG_WARN_OBJC_ROOT_CLASS = YES_ERROR;
				CLANG_WARN_RANGE_LOOP_ANALYSIS = YES;
				CLANG_WARN_STRICT_PROTOTYPES = YES;
				CLANG_WARN_SUSPICIOUS_MOVE = YES;
				CLANG_WARN_UNGUARDED_AVAILABILITY = YES_AGGRESSIVE;
				CLANG_WARN_UNREACHABLE_CODE = YES;
				CLANG_WARN__DUPLICATE_METHOD_MATCH = YES;
				CODE_SIGN_IDENTITY = "iPhone Developer";
				COPY_PHASE_STRIP = NO;
				DEBUG_INFORMATION_FORMAT = "dwarf-with-dsym";
				ENABLE_NS_ASSERTIONS = NO;
				ENABLE_STRICT_OBJC_MSGSEND = YES;
				GCC_C_LANGUAGE_STANDARD = gnu11;
				GCC_NO_COMMON_BLOCKS = YES;
				GCC_WARN_64_TO_32_BIT_CONVERSION = YES;
				GCC_WARN_ABOUT_RETURN_TYPE = YES_ERROR;
				GCC_WARN_UNDECLARED_SELECTOR = YES;
				GCC_WARN_UNINITIALIZED_AUTOS = YES_AGGRESSIVE;
				GCC_WARN_UNUSED_FUNCTION = YES;
				GCC_WARN_UNUSED_VARIABLE = YES;
				IPHONEOS_DEPLOYMENT_TARGET = 12.4;
				MTL_ENABLE_DEBUG_INFO = NO;
				MTL_FAST_MATH = YES;
				SDKROOT = iphoneos;
				SWIFT_COMPILATION_MODE = wholemodule;
				SWIFT_OPTIMIZATION_LEVEL = "-O";
				VALIDATE_PRODUCT = YES;
			};
			name = Release;
		};
		24BA936223BEA7B300806FAD /* Debug */ = {
			isa = XCBuildConfiguration;
			buildSettings = {
				ASSETCATALOG_COMPILER_APPICON_NAME = AppIcon;
				CODE_SIGN_STYLE = Automatic;
				DEVELOPMENT_TEAM = E729WT32YG;
				INFOPLIST_FILE = CoreLocation_MyTry/Info.plist;
				LD_RUNPATH_SEARCH_PATHS = (
					"$(inherited)",
					"@executable_path/Frameworks",
				);
				PRODUCT_BUNDLE_IDENTIFIER = "com.pranayboggarapu.CoreLocation-MyTry";
				PRODUCT_NAME = "$(TARGET_NAME)";
				SWIFT_VERSION = 5.0;
				TARGETED_DEVICE_FAMILY = "1,2";
			};
			name = Debug;
		};
		24BA936323BEA7B300806FAD /* Release */ = {
			isa = XCBuildConfiguration;
			buildSettings = {
				ASSETCATALOG_COMPILER_APPICON_NAME = AppIcon;
				CODE_SIGN_STYLE = Automatic;
				DEVELOPMENT_TEAM = E729WT32YG;
				INFOPLIST_FILE = CoreLocation_MyTry/Info.plist;
				LD_RUNPATH_SEARCH_PATHS = (
					"$(inherited)",
					"@executable_path/Frameworks",
				);
				PRODUCT_BUNDLE_IDENTIFIER = "com.pranayboggarapu.CoreLocation-MyTry";
				PRODUCT_NAME = "$(TARGET_NAME)";
				SWIFT_VERSION = 5.0;
				TARGETED_DEVICE_FAMILY = "1,2";
			};
			name = Release;
		};
/* End XCBuildConfiguration section */

/* Begin XCConfigurationList section */
		24BA934A23BEA7B100806FAD /* Build configuration list for PBXProject "CoreLocation_MyTry" */ = {
			isa = XCConfigurationList;
			buildConfigurations = (
				24BA935F23BEA7B300806FAD /* Debug */,
				24BA936023BEA7B300806FAD /* Release */,
			);
			defaultConfigurationIsVisible = 0;
			defaultConfigurationName = Release;
		};
		24BA936123BEA7B300806FAD /* Build configuration list for PBXNativeTarget "CoreLocation_MyTry" */ = {
			isa = XCConfigurationList;
			buildConfigurations = (
				24BA936223BEA7B300806FAD /* Debug */,
				24BA936323BEA7B300806FAD /* Release */,
			);
			defaultConfigurationIsVisible = 0;
			defaultConfigurationName = Release;
		};
/* End XCConfigurationList section */
	};
	rootObject = 24BA934723BEA7B100806FAD /* Project object */;
}
